
Microsoft Visual Studio Solution File, Format Version 12.00
# Visual Studio Version 17
VisualStudioVersion = 17.11.35219.272
MinimumVisualStudioVersion = 10.0.40219.1
Project("{FAE04EC0-301F-11D3-BF4B-00C04F79EFBC}") = "Homework12_Lab1", "Homework12_Lab1\Homework12_Lab1.csproj", "{01CAADCF-DED8-477A-B3D9-6465EA80B274}"
EndProject
Global
	GlobalSection(SolutionConfigurationPlatforms) = preSolution
		Debug|Any CPU = Debug|Any CPU
		Release|Any CPU = Release|Any CPU
	EndGlobalSection
	GlobalSection(ProjectConfigurationPlatforms) = postSolution
		{01CAADCF-DED8-477A-B3D9-6465EA80B274}.Debug|Any CPU.ActiveCfg = Debug|Any CPU
		{01CAADCF-DED8-477A-B3D9-6465EA80B274}.Debug|Any CPU.Build.0 = Debug|Any CPU
		{01CAADCF-DED8-477A-B3D9-6465EA80B274}.Release|Any CPU.ActiveCfg = Release|Any CPU
		{01CAADCF-DED8-477A-B3D9-6465EA80B274}.Release|Any CPU.Build.0 = Release|Any CPU
	EndGlobalSection
	GlobalSection(SolutionProperties) = preSolution
		HideSolutionNode = FALSE
	EndGlobalSection
	GlobalSection(ExtensibilityGlobals) = postSolution
		SolutionGuid = {7C7E4BE8-1CFE-4677-B543-35DF67AFA0A5}
	EndGlobalSection
EndGlobal
